// !$*UTF8*$!
{
	archiveVersion = 1;
	classes = {
	};
	objectVersion = 50;
	objects = {

/* Begin PBXBuildFile section */
		ABCB617522AE274F004341D5 /* AppDelegate.swift in Sources */ = {isa = PBXBuildFile; fileRef = ABCB617422AE274F004341D5 /* AppDelegate.swift */; };
		ABCB617722AE274F004341D5 /* ViewController.swift in Sources */ = {isa = PBXBuildFile; fileRef = ABCB617622AE274F004341D5 /* ViewController.swift */; };
		ABCB617A22AE274F004341D5 /* Main.storyboard in Resources */ = {isa = PBXBuildFile; fileRef = ABCB617822AE274F004341D5 /* Main.storyboard */; };
		ABCB617C22AE2751004341D5 /* Assets.xcassets in Resources */ = {isa = PBXBuildFile; fileRef = ABCB617B22AE2751004341D5 /* Assets.xcassets */; };
		ABCB617F22AE2751004341D5 /* LaunchScreen.storyboard in Resources */ = {isa = PBXBuildFile; fileRef = ABCB617D22AE2751004341D5 /* LaunchScreen.storyboard */; };
		ABCB61B322AE50FF004341D5 /* Subject.swift in Sources */ = {isa = PBXBuildFile; fileRef = ABCB61B122AE50FF004341D5 /* Subject.swift */; };
		ABCB61B422AE50FF004341D5 /* Student.swift in Sources */ = {isa = PBXBuildFile; fileRef = ABCB61B222AE50FF004341D5 /* Student.swift */; };
		ABCB61B722AE5213004341D5 /* Dictionary+Extension.swift in Sources */ = {isa = PBXBuildFile; fileRef = ABCB61B622AE5213004341D5 /* Dictionary+Extension.swift */; };
/* End PBXBuildFile section */

/* Begin PBXFileReference section */
		ABCB617122AE274F004341D5 /* MarkSheet.app */ = {isa = PBXFileReference; explicitFileType = wrapper.application; includeInIndex = 0; path = MarkSheet.app; sourceTree = BUILT_PRODUCTS_DIR; };
		ABCB617422AE274F004341D5 /* AppDelegate.swift */ = {isa = PBXFileReference; lastKnownFileType = sourcecode.swift; path = AppDelegate.swift; sourceTree = "<group>"; };
		ABCB617622AE274F004341D5 /* ViewController.swift */ = {isa = PBXFileReference; lastKnownFileType = sourcecode.swift; path = ViewController.swift; sourceTree = "<group>"; };
		ABCB617922AE274F004341D5 /* Base */ = {isa = PBXFileReference; lastKnownFileType = file.storyboard; name = Base; path = Base.lproj/Main.storyboard; sourceTree = "<group>"; };
		ABCB617B22AE2751004341D5 /* Assets.xcassets */ = {isa = PBXFileReference; lastKnownFileType = folder.assetcatalog; path = Assets.xcassets; sourceTree = "<group>"; };
		ABCB617E22AE2751004341D5 /* Base */ = {isa = PBXFileReference; lastKnownFileType = file.storyboard; name = Base; path = Base.lproj/LaunchScreen.storyboard; sourceTree = "<group>"; };
		ABCB618022AE2751004341D5 /* Info.plist */ = {isa = PBXFileReference; lastKnownFileType = text.plist.xml; path = Info.plist; sourceTree = "<group>"; };
		ABCB61B122AE50FF004341D5 /* Subject.swift */ = {isa = PBXFileReference; fileEncoding = 4; lastKnownFileType = sourcecode.swift; path = Subject.swift; sourceTree = "<group>"; };
		ABCB61B222AE50FF004341D5 /* Student.swift */ = {isa = PBXFileReference; fileEncoding = 4; lastKnownFileType = sourcecode.swift; path = Student.swift; sourceTree = "<group>"; };
		ABCB61B622AE5213004341D5 /* Dictionary+Extension.swift */ = {isa = PBXFileReference; fileEncoding = 4; lastKnownFileType = sourcecode.swift; path = "Dictionary+Extension.swift"; sourceTree = "<group>"; };
/* End PBXFileReference section */

/* Begin PBXFrameworksBuildPhase section */
		ABCB616E22AE274F004341D5 /* Frameworks */ = {
			isa = PBXFrameworksBuildPhase;
			buildActionMask = 2147483647;
			files = (
			);
			runOnlyForDeploymentPostprocessing = 0;
		};
/* End PBXFrameworksBuildPhase section */

/* Begin PBXGroup section */
		ABCB616822AE274F004341D5 = {
			isa = PBXGroup;
			children = (
				ABCB617322AE274F004341D5 /* MarkSheet */,
				ABCB617222AE274F004341D5 /* Products */,
			);
			sourceTree = "<group>";
		};
		ABCB617222AE274F004341D5 /* Products */ = {
			isa = PBXGroup;
			children = (
				ABCB617122AE274F004341D5 /* MarkSheet.app */,
			);
			name = Products;
			sourceTree = "<group>";
		};
		ABCB617322AE274F004341D5 /* MarkSheet */ = {
			isa = PBXGroup;
			children = (
				ABCB61B022AE50FF004341D5 /* Model */,
				ABCB61AF22AE4FAB004341D5 /* Controllers */,
				ABCB61AE22AE4F9A004341D5 /* Views */,
				ABCB61B522AE5213004341D5 /* Extensions */,
				ABCB617B22AE2751004341D5 /* Assets.xcassets */,
				ABCB617422AE274F004341D5 /* AppDelegate.swift */,
				ABCB618022AE2751004341D5 /* Info.plist */,
			);
			path = MarkSheet;
			sourceTree = "<group>";
		};
		ABCB61AE22AE4F9A004341D5 /* Views */ = {
			isa = PBXGroup;
			children = (
				ABCB617822AE274F004341D5 /* Main.storyboard */,
				ABCB617D22AE2751004341D5 /* LaunchScreen.storyboard */,
			);
			path = Views;
			sourceTree = "<group>";
		};
		ABCB61AF22AE4FAB004341D5 /* Controllers */ = {
			isa = PBXGroup;
			children = (
				ABCB617622AE274F004341D5 /* ViewController.swift */,
			);
			path = Controllers;
			sourceTree = "<group>";
		};
		ABCB61B022AE50FF004341D5 /* Model */ = {
			isa = PBXGroup;
			children = (
				ABCB61B122AE50FF004341D5 /* Subject.swift */,
				ABCB61B222AE50FF004341D5 /* Student.swift */,
			);
			path = Model;
			sourceTree = "<group>";
		};
		ABCB61B522AE5213004341D5 /* Extensions */ = {
			isa = PBXGroup;
			children = (
				ABCB61B622AE5213004341D5 /* Dictionary+Extension.swift */,
			);
			path = Extensions;
			sourceTree = "<group>";
		};
/* End PBXGroup section */

/* Begin PBXNativeTarget section */
		ABCB617022AE274F004341D5 /* MarkSheet */ = {
			isa = PBXNativeTarget;
			buildConfigurationList = ABCB618322AE2751004341D5 /* Build configuration list for PBXNativeTarget "MarkSheet" */;
			buildPhases = (
				ABCB616D22AE274F004341D5 /* Sources */,
				ABCB616E22AE274F004341D5 /* Frameworks */,
				ABCB616F22AE274F004341D5 /* Resources */,
			);
			buildRules = (
			);
			dependencies = (
			);
			name = MarkSheet;
			productName = MarkSheet;
			productReference = ABCB617122AE274F004341D5 /* MarkSheet.app */;
			productType = "com.apple.product-type.application";
		};
/* End PBXNativeTarget section */

/* Begin PBXProject section */
		ABCB616922AE274F004341D5 /* Project object */ = {
			isa = PBXProject;
			attributes = {
				LastSwiftUpdateCheck = 1020;
				LastUpgradeCheck = 1020;
				ORGANIZATIONNAME = "Prateek Sharma";
				TargetAttributes = {
					ABCB617022AE274F004341D5 = {
						CreatedOnToolsVersion = 10.2;
					};
				};
			};
			buildConfigurationList = ABCB616C22AE274F004341D5 /* Build configuration list for PBXProject "MarkSheet" */;
			compatibilityVersion = "Xcode 9.3";
			developmentRegion = en;
			hasScannedForEncodings = 0;
			knownRegions = (
				en,
				Base,
			);
			mainGroup = ABCB616822AE274F004341D5;
			productRefGroup = ABCB617222AE274F004341D5 /* Products */;
			projectDirPath = "";
			projectRoot = "";
			targets = (
				ABCB617022AE274F004341D5 /* MarkSheet */,
			);
		};
/* End PBXProject section */

/* Begin PBXResourcesBuildPhase section */
		ABCB616F22AE274F004341D5 /* Resources */ = {
			isa = PBXResourcesBuildPhase;
			buildActionMask = 2147483647;
			files = (
				ABCB617F22AE2751004341D5 /* LaunchScreen.storyboard in Resources */,
				ABCB617C22AE2751004341D5 /* Assets.xcassets in Resources */,
				ABCB617A22AE274F004341D5 /* Main.storyboard in Resources */,
			);
			runOnlyForDeploymentPostprocessing = 0;
		};
/* End PBXResourcesBuildPhase section */

/* Begin PBXSourcesBuildPhase section */
		ABCB616D22AE274F004341D5 /* Sources */ = {
			isa = PBXSourcesBuildPhase;
			buildActionMask = 2147483647;
			files = (
				ABCB617722AE274F004341D5 /* ViewController.swift in Sources */,
				ABCB61B322AE50FF004341D5 /* Subject.swift in Sources */,
				ABCB617522AE274F004341D5 /* AppDelegate.swift in Sources */,
				ABCB61B422AE50FF004341D5 /* Student.swift in Sources */,
				ABCB61B722AE5213004341D5 /* Dictionary+Extension.swift in Sources */,
			);
			runOnlyForDeploymentPostprocessing = 0;
		};
/* End PBXSourcesBuildPhase section */

/* Begin PBXVariantGroup section */
		ABCB617822AE274F004341D5 /* Main.storyboard */ = {
			isa = PBXVariantGroup;
			children = (
				ABCB617922AE274F004341D5 /* Base */,
			);
			name = Main.storyboard;
			sourceTree = "<group>";
		};
		ABCB617D22AE2751004341D5 /* LaunchScreen.storyboard */ = {
			isa = PBXVariantGroup;
			children = (
				ABCB617E22AE2751004341D5 /* Base */,
			);
			name = LaunchScreen.storyboard;
			sourceTree = "<group>";
		};
/* End PBXVariantGroup section */

/* Begin XCBuildConfiguration section */
		ABCB618122AE2751004341D5 /* Debug */ = {
			isa = XCBuildConfiguration;
			buildSettings = {
				ALWAYS_SEARCH_USER_PATHS = NO;
				CLANG_ANALYZER_NONNULL = YES;
				CLANG_ANALYZER_NUMBER_OBJECT_CONVERSION = YES_AGGRESSIVE;
				CLANG_CXX_LANGUAGE_STANDARD = "gnu++14";
				CLANG_CXX_LIBRARY = "libc++";
				CLANG_ENABLE_MODULES = YES;
				CLANG_ENABLE_OBJC_ARC = YES;
				CLANG_ENABLE_OBJC_WEAK = YES;
				CLANG_WARN_BLOCK_CAPTURE_AUTORELEASING = YES;
				CLANG_WARN_BOOL_CONVERSION = YES;
				CLANG_WARN_COMMA = YES;
				CLANG_WARN_CONSTANT_CONVERSION = YES;
				CLANG_WARN_DEPRECATED_OBJC_IMPLEMENTATIONS = YES;
				CLANG_WARN_DIRECT_OBJC_ISA_USAGE = YES_ERROR;
				CLANG_WARN_DOCUMENTATION_COMMENTS = YES;
				CLANG_WARN_EMPTY_BODY = YES;
				CLANG_WARN_ENUM_CONVERSION = YES;
				CLANG_WARN_INFINITE_RECURSION = YES;
				CLANG_WARN_INT_CONVERSION = YES;
				CLANG_WARN_NON_LITERAL_NULL_CONVERSION = YES;
				CLANG_WARN_OBJC_IMPLICIT_RETAIN_SELF = YES;
				CLANG_WARN_OBJC_LITERAL_CONVERSION = YES;
				CLANG_WARN_OBJC_ROOT_CLASS = YES_ERROR;
				CLANG_WARN_RANGE_LOOP_ANALYSIS = YES;
				CLANG_WARN_STRICT_PROTOTYPES = YES;
				CLANG_WARN_SUSPICIOUS_MOVE = YES;
				CLANG_WARN_UNGUARDED_AVAILABILITY = YES_AGGRESSIVE;
				CLANG_WARN_UNREACHABLE_CODE = YES;
				CLANG_WARN__DUPLICATE_METHOD_MATCH = YES;
				CODE_SIGN_IDENTITY = "iPhone Developer";
				COPY_PHASE_STRIP = NO;
				DEBUG_INFORMATION_FORMAT = dwarf;
				ENABLE_STRICT_OBJC_MSGSEND = YES;
				ENABLE_TESTABILITY = YES;
				GCC_C_LANGUAGE_STANDARD = gnu11;
				GCC_DYNAMIC_NO_PIC = NO;
				GCC_NO_COMMON_BLOCKS = YES;
				GCC_OPTIMIZATION_LEVEL = 0;
				GCC_PREPROCESSOR_DEFINITIONS = (
					"DEBUG=1",
					"$(inherited)",
				);
				GCC_WARN_64_TO_32_BIT_CONVERSION = YES;
				GCC_WARN_ABOUT_RETURN_TYPE = YES_ERROR;
				GCC_WARN_UNDECLARED_SELECTOR = YES;
				GCC_WARN_UNINITIALIZED_AUTOS = YES_AGGRESSIVE;
				GCC_WARN_UNUSED_FUNCTION = YES;
				GCC_WARN_UNUSED_VARIABLE = YES;
				IPHONEOS_DEPLOYMENT_TARGET = 12.2;
				MTL_ENABLE_DEBUG_INFO = INCLUDE_SOURCE;
				MTL_FAST_MATH = YES;
				ONLY_ACTIVE_ARCH = YES;
				SDKROOT = iphoneos;
				SWIFT_ACTIVE_COMPILATION_CONDITIONS = DEBUG;
				SWIFT_OPTIMIZATION_LEVEL = "-Onone";
			};
			name = Debug;
		};
		ABCB618222AE2751004341D5 /* Release */ = {
			isa = XCBuildConfiguration;
			buildSettings = {
				ALWAYS_SEARCH_USER_PATHS = NO;
				CLANG_ANALYZER_NONNULL = YES;
				CLANG_ANALYZER_NUMBER_OBJECT_CONVERSION = YES_AGGRESSIVE;
				CLANG_CXX_LANGUAGE_STANDARD = "gnu++14";
				CLANG_CXX_LIBRARY = "libc++";
				CLANG_ENABLE_MODULES = YES;
				CLANG_ENABLE_OBJC_ARC = YES;
				CLANG_ENABLE_OBJC_WEAK = YES;
				CLANG_WARN_BLOCK_CAPTURE_AUTORELEASING = YES;
				CLANG_WARN_BOOL_CONVERSION = YES;
				CLANG_WARN_COMMA = YES;
				CLANG_WARN_CONSTANT_CONVERSION = YES;
				CLANG_WARN_DEPRECATED_OBJC_IMPLEMENTATIONS = YES;
				CLANG_WARN_DIRECT_OBJC_ISA_USAGE = YES_ERROR;
				CLANG_WARN_DOCUMENTATION_COMMENTS = YES;
				CLANG_WARN_EMPTY_BODY = YES;
				CLANG_WARN_ENUM_CONVERSION = YES;
				CLANG_WARN_INFINITE_RECURSION = YES;
				CLANG_WARN_INT_CONVERSION = YES;
				CLANG_WARN_NON_LITERAL_NULL_CONVERSION = YES;
				CLANG_WARN_OBJC_IMPLICIT_RETAIN_SELF = YES;
				CLANG_WARN_OBJC_LITERAL_CONVERSION = YES;
				CLANG_WARN_OBJC_ROOT_CLASS = YES_ERROR;
				CLANG_WARN_RANGE_LOOP_ANALYSIS = YES;
				CLANG_WARN_STRICT_PROTOTYPES = YES;
				CLANG_WARN_SUSPICIOUS_MOVE = YES;
				CLANG_WARN_UNGUARDED_AVAILABILITY = YES_AGGRESSIVE;
				CLANG_WARN_UNREACHABLE_CODE = YES;
				CLANG_WARN__DUPLICATE_METHOD_MATCH = YES;
				CODE_SIGN_IDENTITY = "iPhone Developer";
				COPY_PHASE_STRIP = NO;
				DEBUG_INFORMATION_FORMAT = "dwarf-with-dsym";
				ENABLE_NS_ASSERTIONS = NO;
				ENABLE_STRICT_OBJC_MSGSEND = YES;
				GCC_C_LANGUAGE_STANDARD = gnu11;
				GCC_NO_COMMON_BLOCKS = YES;
				GCC_WARN_64_TO_32_BIT_CONVERSION = YES;
				GCC_WARN_ABOUT_RETURN_TYPE = YES_ERROR;
				GCC_WARN_UNDECLARED_SELECTOR = YES;
				GCC_WARN_UNINITIALIZED_AUTOS = YES_AGGRESSIVE;
				GCC_WARN_UNUSED_FUNCTION = YES;
				GCC_WARN_UNUSED_VARIABLE = YES;
				IPHONEOS_DEPLOYMENT_TARGET = 12.2;
				MTL_ENABLE_DEBUG_INFO = NO;
				MTL_FAST_MATH = YES;
				SDKROOT = iphoneos;
				SWIFT_COMPILATION_MODE = wholemodule;
				SWIFT_OPTIMIZATION_LEVEL = "-O";
				VALIDATE_PRODUCT = YES;
			};
			name = Release;
		};
		ABCB618422AE2751004341D5 /* Debug */ = {
			isa = XCBuildConfiguration;
			buildSettings = {
				ASSETCATALOG_COMPILER_APPICON_NAME = AppIcon;
				CODE_SIGN_STYLE = Automatic;
				DEVELOPMENT_TEAM = 29ECX39VK2;
				INFOPLIST_FILE = MarkSheet/Info.plist;
				LD_RUNPATH_SEARCH_PATHS = (
					"$(inherited)",
					"@executable_path/Frameworks",
				);
				PRODUCT_BUNDLE_IDENTIFIER = com.vinsol.LancomeNanoentek.MarkSheet;
				PRODUCT_NAME = "$(TARGET_NAME)";
				SWIFT_VERSION = 5.0;
				TARGETED_DEVICE_FAMILY = "1,2";
			};
			name = Debug;
		};
		ABCB618522AE2751004341D5 /* Release */ = {
			isa = XCBuildConfiguration;
			buildSettings = {
				ASSETCATALOG_COMPILER_APPICON_NAME = AppIcon;
				CODE_SIGN_STYLE = Automatic;
				DEVELOPMENT_TEAM = 29ECX39VK2;
				INFOPLIST_FILE = MarkSheet/Info.plist;
				LD_RUNPATH_SEARCH_PATHS = (
					"$(inherited)",
					"@executable_path/Frameworks",
				);
				PRODUCT_BUNDLE_IDENTIFIER = com.vinsol.LancomeNanoentek.MarkSheet;
				PRODUCT_NAME = "$(TARGET_NAME)";
				SWIFT_VERSION = 5.0;
				TARGETED_DEVICE_FAMILY = "1,2";
			};
			name = Release;
		};
/* End XCBuildConfiguration section */

/* Begin XCConfigurationList section */
		ABCB616C22AE274F004341D5 /* Build configuration list for PBXProject "MarkSheet" */ = {
			isa = XCConfigurationList;
			buildConfigurations = (
				ABCB618122AE2751004341D5 /* Debug */,
				ABCB618222AE2751004341D5 /* Release */,
			);
			defaultConfigurationIsVisible = 0;
			defaultConfigurationName = Release;
		};
		ABCB618322AE2751004341D5 /* Build configuration list for PBXNativeTarget "MarkSheet" */ = {
			isa = XCConfigurationList;
			buildConfigurations = (
				ABCB618422AE2751004341D5 /* Debug */,
				ABCB618522AE2751004341D5 /* Release */,
			);
			defaultConfigurationIsVisible = 0;
			defaultConfigurationName = Release;
		};
/* End XCConfigurationList section */
	};
	rootObject = ABCB616922AE274F004341D5 /* Project object */;
}
